
Microsoft Visual Studio Solution File, Format Version 12.00
# Visual Studio 15
VisualStudioVersion = 15.0.27004.2005
MinimumVisualStudioVersion = 10.0.40219.1
Project("{FAE04EC0-301F-11D3-BF4B-00C04F79EFBC}") = "Test", "Test\Test.csproj", "{DE3B34C6-DF40-400F-9BD4-01A0FF8C088F}"
EndProject
Global
	GlobalSection(SolutionConfigurationPlatforms) = preSolution
		Debug|Any CPU = Debug|Any CPU
		Release|Any CPU = Release|Any CPU
	EndGlobalSection
	GlobalSection(ProjectConfigurationPlatforms) = postSolution
		{DE3B34C6-DF40-400F-9BD4-01A0FF8C088F}.Debug|Any CPU.ActiveCfg = Debug|Any CPU
		{DE3B34C6-DF40-400F-9BD4-01A0FF8C088F}.Debug|Any CPU.Build.0 = Debug|Any CPU
		{DE3B34C6-DF40-400F-9BD4-01A0FF8C088F}.Release|Any CPU.ActiveCfg = Release|Any CPU
		{DE3B34C6-DF40-400F-9BD4-01A0FF8C088F}.Release|Any CPU.Build.0 = Release|Any CPU
	EndGlobalSection
	GlobalSection(SolutionProperties) = preSolution
		HideSolutionNode = FALSE
	EndGlobalSection
	GlobalSection(ExtensibilityGlobals) = postSolution
		SolutionGuid = {B06F1E79-737D-4F8A-9899-3C4C183AFE0C}
	EndGlobalSection
EndGlobal
